
Microsoft Visual Studio Solution File, Format Version 12.00
# Visual Studio Version 16
VisualStudioVersion = 16.0.32002.261
MinimumVisualStudioVersion = 10.0.40219.1
Project("{FAE04EC0-301F-11D3-BF4B-00C04F79EFBC}") = "DynamicProgramming", "DynamicProgramming\DynamicProgramming.csproj", "{87370084-6DE0-4EF6-ACB0-3001371921A0}"
EndProject
Global
	GlobalSection(SolutionConfigurationPlatforms) = preSolution
		Debug|Any CPU = Debug|Any CPU
		Release|Any CPU = Release|Any CPU
	EndGlobalSection
	GlobalSection(ProjectConfigurationPlatforms) = postSolution
		{87370084-6DE0-4EF6-ACB0-3001371921A0}.Debug|Any CPU.ActiveCfg = Debug|Any CPU
		{87370084-6DE0-4EF6-ACB0-3001371921A0}.Debug|Any CPU.Build.0 = Debug|Any CPU
		{87370084-6DE0-4EF6-ACB0-3001371921A0}.Release|Any CPU.ActiveCfg = Release|Any CPU
		{87370084-6DE0-4EF6-ACB0-3001371921A0}.Release|Any CPU.Build.0 = Release|Any CPU
	EndGlobalSection
	GlobalSection(SolutionProperties) = preSolution
		HideSolutionNode = FALSE
	EndGlobalSection
	GlobalSection(ExtensibilityGlobals) = postSolution
		SolutionGuid = {8ED84D14-9953-45A7-B3ED-12E1DFD990A8}
	EndGlobalSection
EndGlobal
